// !$*UTF8*$!
{
	archiveVersion = 1;
	classes = {
	};
	objectVersion = 56;
	objects = {

/* Begin PBXBuildFile section */
		0FA1BBDF2AAB39A0001C88B2 /* lab4App.swift in Sources */ = {isa = PBXBuildFile; fileRef = 0FA1BBDE2AAB39A0001C88B2 /* lab4App.swift */; };
		0FA1BBE12AAB39A0001C88B2 /* ContentView.swift in Sources */ = {isa = PBXBuildFile; fileRef = 0FA1BBE02AAB39A0001C88B2 /* ContentView.swift */; };
		0FA1BBE32AAB39A2001C88B2 /* Assets.xcassets in Resources */ = {isa = PBXBuildFile; fileRef = 0FA1BBE22AAB39A2001C88B2 /* Assets.xcassets */; };
		0FA1BBE62AAB39A2001C88B2 /* Preview Assets.xcassets in Resources */ = {isa = PBXBuildFile; fileRef = 0FA1BBE52AAB39A2001C88B2 /* Preview Assets.xcassets */; };
		0FA1BBED2AAB39DD001C88B2 /* solve_equation.swift in Sources */ = {isa = PBXBuildFile; fileRef = 0FA1BBEC2AAB39DD001C88B2 /* solve_equation.swift */; };
		0FA1BBEF2AAB3CA7001C88B2 /* FunctionValuesView.swift in Sources */ = {isa = PBXBuildFile; fileRef = 0FA1BBEE2AAB3CA7001C88B2 /* FunctionValuesView.swift */; };
		0FA1BBF12AAB3CB8001C88B2 /* FunctionGraphView.swift in Sources */ = {isa = PBXBuildFile; fileRef = 0FA1BBF02AAB3CB8001C88B2 /* FunctionGraphView.swift */; };
		0FA1BBF32AAB41D9001C88B2 /* parseData.swift in Sources */ = {isa = PBXBuildFile; fileRef = 0FA1BBF22AAB41D9001C88B2 /* parseData.swift */; };
/* End PBXBuildFile section */

/* Begin PBXFileReference section */
		0FA1BBDB2AAB39A0001C88B2 /* lab4.app */ = {isa = PBXFileReference; explicitFileType = wrapper.application; includeInIndex = 0; path = lab4.app; sourceTree = BUILT_PRODUCTS_DIR; };
		0FA1BBDE2AAB39A0001C88B2 /* lab4App.swift */ = {isa = PBXFileReference; lastKnownFileType = sourcecode.swift; path = lab4App.swift; sourceTree = "<group>"; };
		0FA1BBE02AAB39A0001C88B2 /* ContentView.swift */ = {isa = PBXFileReference; lastKnownFileType = sourcecode.swift; path = ContentView.swift; sourceTree = "<group>"; };
		0FA1BBE22AAB39A2001C88B2 /* Assets.xcassets */ = {isa = PBXFileReference; lastKnownFileType = folder.assetcatalog; path = Assets.xcassets; sourceTree = "<group>"; };
		0FA1BBE52AAB39A2001C88B2 /* Preview Assets.xcassets */ = {isa = PBXFileReference; lastKnownFileType = folder.assetcatalog; path = "Preview Assets.xcassets"; sourceTree = "<group>"; };
		0FA1BBEC2AAB39DD001C88B2 /* solve_equation.swift */ = {isa = PBXFileReference; lastKnownFileType = sourcecode.swift; path = solve_equation.swift; sourceTree = "<group>"; };
		0FA1BBEE2AAB3CA7001C88B2 /* FunctionValuesView.swift */ = {isa = PBXFileReference; lastKnownFileType = sourcecode.swift; path = FunctionValuesView.swift; sourceTree = "<group>"; };
		0FA1BBF02AAB3CB8001C88B2 /* FunctionGraphView.swift */ = {isa = PBXFileReference; lastKnownFileType = sourcecode.swift; path = FunctionGraphView.swift; sourceTree = "<group>"; };
		0FA1BBF22AAB41D9001C88B2 /* parseData.swift */ = {isa = PBXFileReference; lastKnownFileType = sourcecode.swift; path = parseData.swift; sourceTree = "<group>"; };
/* End PBXFileReference section */

/* Begin PBXFrameworksBuildPhase section */
		0FA1BBD82AAB39A0001C88B2 /* Frameworks */ = {
			isa = PBXFrameworksBuildPhase;
			buildActionMask = 2147483647;
			files = (
			);
			runOnlyForDeploymentPostprocessing = 0;
		};
/* End PBXFrameworksBuildPhase section */

/* Begin PBXGroup section */
		0FA1BBD22AAB39A0001C88B2 = {
			isa = PBXGroup;
			children = (
				0FA1BBDD2AAB39A0001C88B2 /* lab4 */,
				0FA1BBDC2AAB39A0001C88B2 /* Products */,
			);
			sourceTree = "<group>";
		};
		0FA1BBDC2AAB39A0001C88B2 /* Products */ = {
			isa = PBXGroup;
			children = (
				0FA1BBDB2AAB39A0001C88B2 /* lab4.app */,
			);
			name = Products;
			sourceTree = "<group>";
		};
		0FA1BBDD2AAB39A0001C88B2 /* lab4 */ = {
			isa = PBXGroup;
			children = (
				0FA1BBDE2AAB39A0001C88B2 /* lab4App.swift */,
				0FA1BBE02AAB39A0001C88B2 /* ContentView.swift */,
				0FA1BBEE2AAB3CA7001C88B2 /* FunctionValuesView.swift */,
				0FA1BBF22AAB41D9001C88B2 /* parseData.swift */,
				0FA1BBF02AAB3CB8001C88B2 /* FunctionGraphView.swift */,
				0FA1BBEC2AAB39DD001C88B2 /* solve_equation.swift */,
				0FA1BBE22AAB39A2001C88B2 /* Assets.xcassets */,
				0FA1BBE42AAB39A2001C88B2 /* Preview Content */,
			);
			path = lab4;
			sourceTree = "<group>";
		};
		0FA1BBE42AAB39A2001C88B2 /* Preview Content */ = {
			isa = PBXGroup;
			children = (
				0FA1BBE52AAB39A2001C88B2 /* Preview Assets.xcassets */,
			);
			path = "Preview Content";
			sourceTree = "<group>";
		};
/* End PBXGroup section */

/* Begin PBXNativeTarget section */
		0FA1BBDA2AAB39A0001C88B2 /* lab4 */ = {
			isa = PBXNativeTarget;
			buildConfigurationList = 0FA1BBE92AAB39A2001C88B2 /* Build configuration list for PBXNativeTarget "lab4" */;
			buildPhases = (
				0FA1BBD72AAB39A0001C88B2 /* Sources */,
				0FA1BBD82AAB39A0001C88B2 /* Frameworks */,
				0FA1BBD92AAB39A0001C88B2 /* Resources */,
			);
			buildRules = (
			);
			dependencies = (
			);
			name = lab4;
			productName = lab4;
			productReference = 0FA1BBDB2AAB39A0001C88B2 /* lab4.app */;
			productType = "com.apple.product-type.application";
		};
/* End PBXNativeTarget section */

/* Begin PBXProject section */
		0FA1BBD32AAB39A0001C88B2 /* Project object */ = {
			isa = PBXProject;
			attributes = {
				BuildIndependentTargetsInParallel = 1;
				LastSwiftUpdateCheck = 1430;
				LastUpgradeCheck = 1430;
				TargetAttributes = {
					0FA1BBDA2AAB39A0001C88B2 = {
						CreatedOnToolsVersion = 14.3.1;
					};
				};
			};
			buildConfigurationList = 0FA1BBD62AAB39A0001C88B2 /* Build configuration list for PBXProject "lab4" */;
			compatibilityVersion = "Xcode 14.0";
			developmentRegion = en;
			hasScannedForEncodings = 0;
			knownRegions = (
				en,
				Base,
			);
			mainGroup = 0FA1BBD22AAB39A0001C88B2;
			productRefGroup = 0FA1BBDC2AAB39A0001C88B2 /* Products */;
			projectDirPath = "";
			projectRoot = "";
			targets = (
				0FA1BBDA2AAB39A0001C88B2 /* lab4 */,
			);
		};
/* End PBXProject section */

/* Begin PBXResourcesBuildPhase section */
		0FA1BBD92AAB39A0001C88B2 /* Resources */ = {
			isa = PBXResourcesBuildPhase;
			buildActionMask = 2147483647;
			files = (
				0FA1BBE62AAB39A2001C88B2 /* Preview Assets.xcassets in Resources */,
				0FA1BBE32AAB39A2001C88B2 /* Assets.xcassets in Resources */,
			);
			runOnlyForDeploymentPostprocessing = 0;
		};
/* End PBXResourcesBuildPhase section */

/* Begin PBXSourcesBuildPhase section */
		0FA1BBD72AAB39A0001C88B2 /* Sources */ = {
			isa = PBXSourcesBuildPhase;
			buildActionMask = 2147483647;
			files = (
				0FA1BBEF2AAB3CA7001C88B2 /* FunctionValuesView.swift in Sources */,
				0FA1BBE12AAB39A0001C88B2 /* ContentView.swift in Sources */,
				0FA1BBDF2AAB39A0001C88B2 /* lab4App.swift in Sources */,
				0FA1BBF32AAB41D9001C88B2 /* parseData.swift in Sources */,
				0FA1BBED2AAB39DD001C88B2 /* solve_equation.swift in Sources */,
				0FA1BBF12AAB3CB8001C88B2 /* FunctionGraphView.swift in Sources */,
			);
			runOnlyForDeploymentPostprocessing = 0;
		};
/* End PBXSourcesBuildPhase section */

/* Begin XCBuildConfiguration section */
		0FA1BBE72AAB39A2001C88B2 /* Debug */ = {
			isa = XCBuildConfiguration;
			buildSettings = {
				ALWAYS_SEARCH_USER_PATHS = NO;
				CLANG_ANALYZER_NONNULL = YES;
				CLANG_ANALYZER_NUMBER_OBJECT_CONVERSION = YES_AGGRESSIVE;
				CLANG_CXX_LANGUAGE_STANDARD = "gnu++20";
				CLANG_ENABLE_MODULES = YES;
				CLANG_ENABLE_OBJC_ARC = YES;
				CLANG_ENABLE_OBJC_WEAK = YES;
				CLANG_WARN_BLOCK_CAPTURE_AUTORELEASING = YES;
				CLANG_WARN_BOOL_CONVERSION = YES;
				CLANG_WARN_COMMA = YES;
				CLANG_WARN_CONSTANT_CONVERSION = YES;
				CLANG_WARN_DEPRECATED_OBJC_IMPLEMENTATIONS = YES;
				CLANG_WARN_DIRECT_OBJC_ISA_USAGE = YES_ERROR;
				CLANG_WARN_DOCUMENTATION_COMMENTS = YES;
				CLANG_WARN_EMPTY_BODY = YES;
				CLANG_WARN_ENUM_CONVERSION = YES;
				CLANG_WARN_INFINITE_RECURSION = YES;
				CLANG_WARN_INT_CONVERSION = YES;
				CLANG_WARN_NON_LITERAL_NULL_CONVERSION = YES;
				CLANG_WARN_OBJC_IMPLICIT_RETAIN_SELF = YES;
				CLANG_WARN_OBJC_LITERAL_CONVERSION = YES;
				CLANG_WARN_OBJC_ROOT_CLASS = YES_ERROR;
				CLANG_WARN_QUOTED_INCLUDE_IN_FRAMEWORK_HEADER = YES;
				CLANG_WARN_RANGE_LOOP_ANALYSIS = YES;
				CLANG_WARN_STRICT_PROTOTYPES = YES;
				CLANG_WARN_SUSPICIOUS_MOVE = YES;
				CLANG_WARN_UNGUARDED_AVAILABILITY = YES_AGGRESSIVE;
				CLANG_WARN_UNREACHABLE_CODE = YES;
				CLANG_WARN__DUPLICATE_METHOD_MATCH = YES;
				COPY_PHASE_STRIP = NO;
				DEBUG_INFORMATION_FORMAT = dwarf;
				ENABLE_STRICT_OBJC_MSGSEND = YES;
				ENABLE_TESTABILITY = YES;
				GCC_C_LANGUAGE_STANDARD = gnu11;
				GCC_DYNAMIC_NO_PIC = NO;
				GCC_NO_COMMON_BLOCKS = YES;
				GCC_OPTIMIZATION_LEVEL = 0;
				GCC_PREPROCESSOR_DEFINITIONS = (
					"DEBUG=1",
					"$(inherited)",
				);
				GCC_WARN_64_TO_32_BIT_CONVERSION = YES;
				GCC_WARN_ABOUT_RETURN_TYPE = YES_ERROR;
				GCC_WARN_UNDECLARED_SELECTOR = YES;
				GCC_WARN_UNINITIALIZED_AUTOS = YES_AGGRESSIVE;
				GCC_WARN_UNUSED_FUNCTION = YES;
				GCC_WARN_UNUSED_VARIABLE = YES;
				IPHONEOS_DEPLOYMENT_TARGET = 16.4;
				MTL_ENABLE_DEBUG_INFO = INCLUDE_SOURCE;
				MTL_FAST_MATH = YES;
				ONLY_ACTIVE_ARCH = YES;
				SDKROOT = iphoneos;
				SWIFT_ACTIVE_COMPILATION_CONDITIONS = DEBUG;
				SWIFT_OPTIMIZATION_LEVEL = "-Onone";
			};
			name = Debug;
		};
		0FA1BBE82AAB39A2001C88B2 /* Release */ = {
			isa = XCBuildConfiguration;
			buildSettings = {
				ALWAYS_SEARCH_USER_PATHS = NO;
				CLANG_ANALYZER_NONNULL = YES;
				CLANG_ANALYZER_NUMBER_OBJECT_CONVERSION = YES_AGGRESSIVE;
				CLANG_CXX_LANGUAGE_STANDARD = "gnu++20";
				CLANG_ENABLE_MODULES = YES;
				CLANG_ENABLE_OBJC_ARC = YES;
				CLANG_ENABLE_OBJC_WEAK = YES;
				CLANG_WARN_BLOCK_CAPTURE_AUTORELEASING = YES;
				CLANG_WARN_BOOL_CONVERSION = YES;
				CLANG_WARN_COMMA = YES;
				CLANG_WARN_CONSTANT_CONVERSION = YES;
				CLANG_WARN_DEPRECATED_OBJC_IMPLEMENTATIONS = YES;
				CLANG_WARN_DIRECT_OBJC_ISA_USAGE = YES_ERROR;
				CLANG_WARN_DOCUMENTATION_COMMENTS = YES;
				CLANG_WARN_EMPTY_BODY = YES;
				CLANG_WARN_ENUM_CONVERSION = YES;
				CLANG_WARN_INFINITE_RECURSION = YES;
				CLANG_WARN_INT_CONVERSION = YES;
				CLANG_WARN_NON_LITERAL_NULL_CONVERSION = YES;
				CLANG_WARN_OBJC_IMPLICIT_RETAIN_SELF = YES;
				CLANG_WARN_OBJC_LITERAL_CONVERSION = YES;
				CLANG_WARN_OBJC_ROOT_CLASS = YES_ERROR;
				CLANG_WARN_QUOTED_INCLUDE_IN_FRAMEWORK_HEADER = YES;
				CLANG_WARN_RANGE_LOOP_ANALYSIS = YES;
				CLANG_WARN_STRICT_PROTOTYPES = YES;
				CLANG_WARN_SUSPICIOUS_MOVE = YES;
				CLANG_WARN_UNGUARDED_AVAILABILITY = YES_AGGRESSIVE;
				CLANG_WARN_UNREACHABLE_CODE = YES;
				CLANG_WARN__DUPLICATE_METHOD_MATCH = YES;
				COPY_PHASE_STRIP = NO;
				DEBUG_INFORMATION_FORMAT = "dwarf-with-dsym";
				ENABLE_NS_ASSERTIONS = NO;
				ENABLE_STRICT_OBJC_MSGSEND = YES;
				GCC_C_LANGUAGE_STANDARD = gnu11;
				GCC_NO_COMMON_BLOCKS = YES;
				GCC_WARN_64_TO_32_BIT_CONVERSION = YES;
				GCC_WARN_ABOUT_RETURN_TYPE = YES_ERROR;
				GCC_WARN_UNDECLARED_SELECTOR = YES;
				GCC_WARN_UNINITIALIZED_AUTOS = YES_AGGRESSIVE;
				GCC_WARN_UNUSED_FUNCTION = YES;
				GCC_WARN_UNUSED_VARIABLE = YES;
				IPHONEOS_DEPLOYMENT_TARGET = 16.4;
				MTL_ENABLE_DEBUG_INFO = NO;
				MTL_FAST_MATH = YES;
				SDKROOT = iphoneos;
				SWIFT_COMPILATION_MODE = wholemodule;
				SWIFT_OPTIMIZATION_LEVEL = "-O";
				VALIDATE_PRODUCT = YES;
			};
			name = Release;
		};
		0FA1BBEA2AAB39A2001C88B2 /* Debug */ = {
			isa = XCBuildConfiguration;
			buildSettings = {
				ASSETCATALOG_COMPILER_APPICON_NAME = AppIcon;
				ASSETCATALOG_COMPILER_GLOBAL_ACCENT_COLOR_NAME = AccentColor;
				CODE_SIGN_STYLE = Automatic;
				CURRENT_PROJECT_VERSION = 1;
				DEVELOPMENT_ASSET_PATHS = "\"lab4/Preview Content\"";
				ENABLE_PREVIEWS = YES;
				GENERATE_INFOPLIST_FILE = YES;
				INFOPLIST_KEY_UIApplicationSceneManifest_Generation = YES;
				INFOPLIST_KEY_UIApplicationSupportsIndirectInputEvents = YES;
				INFOPLIST_KEY_UILaunchScreen_Generation = YES;
				INFOPLIST_KEY_UISupportedInterfaceOrientations_iPad = "UIInterfaceOrientationPortrait UIInterfaceOrientationPortraitUpsideDown UIInterfaceOrientationLandscapeLeft UIInterfaceOrientationLandscapeRight";
				INFOPLIST_KEY_UISupportedInterfaceOrientations_iPhone = "UIInterfaceOrientationPortrait UIInterfaceOrientationLandscapeLeft UIInterfaceOrientationLandscapeRight";
				LD_RUNPATH_SEARCH_PATHS = (
					"$(inherited)",
					"@executable_path/Frameworks",
				);
				MARKETING_VERSION = 1.0;
				PRODUCT_BUNDLE_IDENTIFIER = kpovel.lab4;
				PRODUCT_NAME = "$(TARGET_NAME)";
				SWIFT_EMIT_LOC_STRINGS = YES;
				SWIFT_VERSION = 5.0;
				TARGETED_DEVICE_FAMILY = "1,2";
			};
			name = Debug;
		};
		0FA1BBEB2AAB39A2001C88B2 /* Release */ = {
			isa = XCBuildConfiguration;
			buildSettings = {
				ASSETCATALOG_COMPILER_APPICON_NAME = AppIcon;
				ASSETCATALOG_COMPILER_GLOBAL_ACCENT_COLOR_NAME = AccentColor;
				CODE_SIGN_STYLE = Automatic;
				CURRENT_PROJECT_VERSION = 1;
				DEVELOPMENT_ASSET_PATHS = "\"lab4/Preview Content\"";
				ENABLE_PREVIEWS = YES;
				GENERATE_INFOPLIST_FILE = YES;
				INFOPLIST_KEY_UIApplicationSceneManifest_Generation = YES;
				INFOPLIST_KEY_UIApplicationSupportsIndirectInputEvents = YES;
				INFOPLIST_KEY_UILaunchScreen_Generation = YES;
				INFOPLIST_KEY_UISupportedInterfaceOrientations_iPad = "UIInterfaceOrientationPortrait UIInterfaceOrientationPortraitUpsideDown UIInterfaceOrientationLandscapeLeft UIInterfaceOrientationLandscapeRight";
				INFOPLIST_KEY_UISupportedInterfaceOrientations_iPhone = "UIInterfaceOrientationPortrait UIInterfaceOrientationLandscapeLeft UIInterfaceOrientationLandscapeRight";
				LD_RUNPATH_SEARCH_PATHS = (
					"$(inherited)",
					"@executable_path/Frameworks",
				);
				MARKETING_VERSION = 1.0;
				PRODUCT_BUNDLE_IDENTIFIER = kpovel.lab4;
				PRODUCT_NAME = "$(TARGET_NAME)";
				SWIFT_EMIT_LOC_STRINGS = YES;
				SWIFT_VERSION = 5.0;
				TARGETED_DEVICE_FAMILY = "1,2";
			};
			name = Release;
		};
/* End XCBuildConfiguration section */

/* Begin XCConfigurationList section */
		0FA1BBD62AAB39A0001C88B2 /* Build configuration list for PBXProject "lab4" */ = {
			isa = XCConfigurationList;
			buildConfigurations = (
				0FA1BBE72AAB39A2001C88B2 /* Debug */,
				0FA1BBE82AAB39A2001C88B2 /* Release */,
			);
			defaultConfigurationIsVisible = 0;
			defaultConfigurationName = Release;
		};
		0FA1BBE92AAB39A2001C88B2 /* Build configuration list for PBXNativeTarget "lab4" */ = {
			isa = XCConfigurationList;
			buildConfigurations = (
				0FA1BBEA2AAB39A2001C88B2 /* Debug */,
				0FA1BBEB2AAB39A2001C88B2 /* Release */,
			);
			defaultConfigurationIsVisible = 0;
			defaultConfigurationName = Release;
		};
/* End XCConfigurationList section */
	};
	rootObject = 0FA1BBD32AAB39A0001C88B2 /* Project object */;
}
